
Microsoft Visual Studio Solution File, Format Version 10.00
# Visual Studio 2008
Project("{8BC9CEB8-8B4A-11D0-8D11-00A0C91BC942}") = "FaceProcessing", "FaceProcessing\FaceProcessing.vcproj", "{62BA9C03-0951-40C4-B2B9-EDABC8815177}"
EndProject
Global
	GlobalSection(SolutionConfigurationPlatforms) = preSolution
		Debug|Win32 = Debug|Win32
		Release|Win32 = Release|Win32
	EndGlobalSection
	GlobalSection(ProjectConfigurationPlatforms) = postSolution
		{62BA9C03-0951-40C4-B2B9-EDABC8815177}.Debug|Win32.ActiveCfg = Debug|Win32
		{62BA9C03-0951-40C4-B2B9-EDABC8815177}.Debug|Win32.Build.0 = Debug|Win32
		{62BA9C03-0951-40C4-B2B9-EDABC8815177}.Release|Win32.ActiveCfg = Release|Win32
		{62BA9C03-0951-40C4-B2B9-EDABC8815177}.Release|Win32.Build.0 = Release|Win32
	EndGlobalSection
	GlobalSection(SolutionProperties) = preSolution
		HideSolutionNode = FALSE
	EndGlobalSection
EndGlobal
