
Microsoft Visual Studio Solution File, Format Version 10.00
# Visual Studio 2008
Project("{FAE04EC0-301F-11D3-BF4B-00C04F79EFBC}") = "RemoteImagingMC", "RemoteImagingMC\RemoteImagingMC.csproj", "{0C349962-22C7-4880-8D91-AFF6DADD0173}"
	GlobalSection(MercurialSourceControlSolutionProperties) = preSolution
		SolutionIsControlled = True
		SolutionBindings = <Solution Location In Database>
	EndGlobalSection
EndProject
Project("{FAE04EC0-301F-11D3-BF4B-00C04F79EFBC}") = "Messages", "Messages\Messages.csproj", "{80A13967-C4D2-4B5A-909D-FA595F57F88D}"
	GlobalSection(MercurialSourceControlSolutionProperties) = preSolution
		SolutionIsControlled = True
		SolutionBindings = <Solution Location In Database>
	EndGlobalSection
EndProject
Project("{FAE04EC0-301F-11D3-BF4B-00C04F79EFBC}") = "FaceLibraryBuilder", "FaceLibraryBuilder\FaceLibraryBuilder.csproj", "{09479D85-7A51-4FB1-A027-64287A0FF827}"
	GlobalSection(MercurialSourceControlSolutionProperties) = preSolution
		SolutionIsControlled = True
		SolutionBindings = <Solution Location In Database>
	EndGlobalSection
EndProject
Project("{FAE04EC0-301F-11D3-BF4B-00C04F79EFBC}") = "StreamService", "StreamService\StreamService.csproj", "{EB0E48F0-2A60-4C07-9AB8-4C9A450665E4}"
	GlobalSection(MercurialSourceControlSolutionProperties) = preSolution
		SolutionIsControlled = True
		SolutionBindings = <Solution Location In Database>
	EndGlobalSection
EndProject
Project("{FAE04EC0-301F-11D3-BF4B-00C04F79EFBC}") = "RemoteImaging.Common", "CommonLibrary\RemoteImaging.Common.csproj", "{683B173B-831E-494D-A6FE-965934D3D315}"
	GlobalSection(MercurialSourceControlSolutionProperties) = preSolution
		SolutionIsControlled = True
		SolutionBindings = <Solution Location In Database>
	EndGlobalSection
EndProject
Project("{FAE04EC0-301F-11D3-BF4B-00C04F79EFBC}") = "Discovery", "Discovery\Discovery.csproj", "{105AB30D-A893-4E2C-B149-764A80C1FDCE}"
	GlobalSection(MercurialSourceControlSolutionProperties) = preSolution
		SolutionIsControlled = True
		SolutionBindings = <Solution Location In Database>
	EndGlobalSection
EndProject
Project("{FAE04EC0-301F-11D3-BF4B-00C04F79EFBC}") = "Discovery.Test", "Discovery.Test\Discovery.Test.csproj", "{74D590B6-9AFD-4ABA-B4EC-D8A7ED08B024}"
	GlobalSection(MercurialSourceControlSolutionProperties) = preSolution
		SolutionIsControlled = True
		SolutionBindings = <Solution Location In Database>
	EndGlobalSection
EndProject
Project("{FAE04EC0-301F-11D3-BF4B-00C04F79EFBC}") = "RemoteImagingMC.Test", "RemoteImagingMC.Test\RemoteImagingMC.Test.csproj", "{AC46524D-FF83-4031-80A7-51B101B573FA}"
	GlobalSection(MercurialSourceControlSolutionProperties) = preSolution
		SolutionIsControlled = True
		SolutionBindings = <Solution Location In Database>
	EndGlobalSection
EndProject
Project("{FAE04EC0-301F-11D3-BF4B-00C04F79EFBC}") = "RemoteImaging.Test", "RemoteImaging.Test\RemoteImaging.Test.csproj", "{44E59227-3583-4C12-9AD3-AA3840FC90E1}"
	GlobalSection(MercurialSourceControlSolutionProperties) = preSolution
		SolutionIsControlled = True
		SolutionBindings = <Solution Location In Database>
	EndGlobalSection
EndProject
Project("{FAE04EC0-301F-11D3-BF4B-00C04F79EFBC}") = "ImageProcessing", "IconExtractor\ImageProcessing.csproj", "{C917EC7F-9A59-4845-9108-87056AC61D4F}"
	GlobalSection(MercurialSourceControlSolutionProperties) = preSolution
		SolutionIsControlled = True
		SolutionBindings = <Solution Location In Database>
	EndGlobalSection
EndProject
Project("{FAE04EC0-301F-11D3-BF4B-00C04F79EFBC}") = "Damany.Security", "UsersAdmin\Damany.Security.csproj", "{7C6269E8-3954-4451-8F33-67F3916231AF}"
	GlobalSection(MercurialSourceControlSolutionProperties) = preSolution
		SolutionIsControlled = True
		SolutionBindings = <Solution Location In Database>
	EndGlobalSection
EndProject
Project("{FAE04EC0-301F-11D3-BF4B-00C04F79EFBC}") = "Damany.Security.UsersAdmin.Test", "UsersAdmin.Test\Damany.Security.UsersAdmin.Test.csproj", "{77B2FDF7-A806-449A-B2F1-ABC8DAD8A940}"
	GlobalSection(MercurialSourceControlSolutionProperties) = preSolution
		SolutionIsControlled = True
		SolutionBindings = <Solution Location In Database>
	EndGlobalSection
EndProject
Project("{FAE04EC0-301F-11D3-BF4B-00C04F79EFBC}") = "Damany.Component", "..\Damany.Library\Damany.Component\Damany.Component.csproj", "{80DC56F4-DB48-4AF2-B1BE-6B944A81B293}"
	GlobalSection(MercurialSourceControlSolutionProperties) = preSolution
		SolutionIsControlled = True
		SolutionBindings = <Solution Location In Database>
	EndGlobalSection
EndProject
Global
	GlobalSection(MercurialSourceControlSolutionProperties) = preSolution
		SolutionIsControlled = True
		SolutionBindings = <Solution Location In Database>
	EndGlobalSection
	GlobalSection(SolutionConfigurationPlatforms) = preSolution
		Debug|Any CPU = Debug|Any CPU
		Debug|Mixed Platforms = Debug|Mixed Platforms
		Debug|Win32 = Debug|Win32
		Release|Any CPU = Release|Any CPU
		Release|Mixed Platforms = Release|Mixed Platforms
		Release|Win32 = Release|Win32
	EndGlobalSection
	GlobalSection(ProjectConfigurationPlatforms) = postSolution
		{0C349962-22C7-4880-8D91-AFF6DADD0173}.Debug|Any CPU.ActiveCfg = Debug|Any CPU
		{0C349962-22C7-4880-8D91-AFF6DADD0173}.Debug|Mixed Platforms.ActiveCfg = Debug|Any CPU
		{0C349962-22C7-4880-8D91-AFF6DADD0173}.Debug|Mixed Platforms.Build.0 = Debug|Any CPU
		{0C349962-22C7-4880-8D91-AFF6DADD0173}.Debug|Win32.ActiveCfg = Debug|Any CPU
		{0C349962-22C7-4880-8D91-AFF6DADD0173}.Release|Any CPU.ActiveCfg = Release|Any CPU
		{0C349962-22C7-4880-8D91-AFF6DADD0173}.Release|Mixed Platforms.ActiveCfg = Release|Any CPU
		{0C349962-22C7-4880-8D91-AFF6DADD0173}.Release|Mixed Platforms.Build.0 = Release|Any CPU
		{0C349962-22C7-4880-8D91-AFF6DADD0173}.Release|Win32.ActiveCfg = Release|Any CPU
		{80A13967-C4D2-4B5A-909D-FA595F57F88D}.Debug|Any CPU.ActiveCfg = Debug|Any CPU
		{80A13967-C4D2-4B5A-909D-FA595F57F88D}.Debug|Any CPU.Build.0 = Debug|Any CPU
		{80A13967-C4D2-4B5A-909D-FA595F57F88D}.Debug|Mixed Platforms.ActiveCfg = Debug|Any CPU
		{80A13967-C4D2-4B5A-909D-FA595F57F88D}.Debug|Mixed Platforms.Build.0 = Debug|Any CPU
		{80A13967-C4D2-4B5A-909D-FA595F57F88D}.Debug|Win32.ActiveCfg = Debug|Any CPU
		{80A13967-C4D2-4B5A-909D-FA595F57F88D}.Release|Any CPU.ActiveCfg = Release|Any CPU
		{80A13967-C4D2-4B5A-909D-FA595F57F88D}.Release|Any CPU.Build.0 = Release|Any CPU
		{80A13967-C4D2-4B5A-909D-FA595F57F88D}.Release|Mixed Platforms.ActiveCfg = Release|Any CPU
		{80A13967-C4D2-4B5A-909D-FA595F57F88D}.Release|Mixed Platforms.Build.0 = Release|Any CPU
		{80A13967-C4D2-4B5A-909D-FA595F57F88D}.Release|Win32.ActiveCfg = Release|Any CPU
		{09479D85-7A51-4FB1-A027-64287A0FF827}.Debug|Any CPU.ActiveCfg = Debug|Any CPU
		{09479D85-7A51-4FB1-A027-64287A0FF827}.Debug|Any CPU.Build.0 = Debug|Any CPU
		{09479D85-7A51-4FB1-A027-64287A0FF827}.Debug|Mixed Platforms.ActiveCfg = Debug|Any CPU
		{09479D85-7A51-4FB1-A027-64287A0FF827}.Debug|Mixed Platforms.Build.0 = Debug|Any CPU
		{09479D85-7A51-4FB1-A027-64287A0FF827}.Debug|Win32.ActiveCfg = Debug|Any CPU
		{09479D85-7A51-4FB1-A027-64287A0FF827}.Release|Any CPU.ActiveCfg = Release|Any CPU
		{09479D85-7A51-4FB1-A027-64287A0FF827}.Release|Any CPU.Build.0 = Release|Any CPU
		{09479D85-7A51-4FB1-A027-64287A0FF827}.Release|Mixed Platforms.ActiveCfg = Release|Any CPU
		{09479D85-7A51-4FB1-A027-64287A0FF827}.Release|Mixed Platforms.Build.0 = Release|Any CPU
		{09479D85-7A51-4FB1-A027-64287A0FF827}.Release|Win32.ActiveCfg = Release|Any CPU
		{EB0E48F0-2A60-4C07-9AB8-4C9A450665E4}.Debug|Any CPU.ActiveCfg = Debug|Any CPU
		{EB0E48F0-2A60-4C07-9AB8-4C9A450665E4}.Debug|Any CPU.Build.0 = Debug|Any CPU
		{EB0E48F0-2A60-4C07-9AB8-4C9A450665E4}.Debug|Mixed Platforms.ActiveCfg = Debug|Any CPU
		{EB0E48F0-2A60-4C07-9AB8-4C9A450665E4}.Debug|Mixed Platforms.Build.0 = Debug|Any CPU
		{EB0E48F0-2A60-4C07-9AB8-4C9A450665E4}.Debug|Win32.ActiveCfg = Debug|Any CPU
		{EB0E48F0-2A60-4C07-9AB8-4C9A450665E4}.Release|Any CPU.ActiveCfg = Release|Any CPU
		{EB0E48F0-2A60-4C07-9AB8-4C9A450665E4}.Release|Any CPU.Build.0 = Release|Any CPU
		{EB0E48F0-2A60-4C07-9AB8-4C9A450665E4}.Release|Mixed Platforms.ActiveCfg = Release|Any CPU
		{EB0E48F0-2A60-4C07-9AB8-4C9A450665E4}.Release|Mixed Platforms.Build.0 = Release|Any CPU
		{EB0E48F0-2A60-4C07-9AB8-4C9A450665E4}.Release|Win32.ActiveCfg = Release|Any CPU
		{683B173B-831E-494D-A6FE-965934D3D315}.Debug|Any CPU.ActiveCfg = Debug|Any CPU
		{683B173B-831E-494D-A6FE-965934D3D315}.Debug|Any CPU.Build.0 = Debug|Any CPU
		{683B173B-831E-494D-A6FE-965934D3D315}.Debug|Mixed Platforms.ActiveCfg = Debug|Any CPU
		{683B173B-831E-494D-A6FE-965934D3D315}.Debug|Mixed Platforms.Build.0 = Debug|Any CPU
		{683B173B-831E-494D-A6FE-965934D3D315}.Debug|Win32.ActiveCfg = Debug|Any CPU
		{683B173B-831E-494D-A6FE-965934D3D315}.Release|Any CPU.ActiveCfg = Release|Any CPU
		{683B173B-831E-494D-A6FE-965934D3D315}.Release|Any CPU.Build.0 = Release|Any CPU
		{683B173B-831E-494D-A6FE-965934D3D315}.Release|Mixed Platforms.ActiveCfg = Release|Any CPU
		{683B173B-831E-494D-A6FE-965934D3D315}.Release|Mixed Platforms.Build.0 = Release|Any CPU
		{683B173B-831E-494D-A6FE-965934D3D315}.Release|Win32.ActiveCfg = Release|Any CPU
		{105AB30D-A893-4E2C-B149-764A80C1FDCE}.Debug|Any CPU.ActiveCfg = Debug|Any CPU
		{105AB30D-A893-4E2C-B149-764A80C1FDCE}.Debug|Any CPU.Build.0 = Debug|Any CPU
		{105AB30D-A893-4E2C-B149-764A80C1FDCE}.Debug|Mixed Platforms.ActiveCfg = Debug|Any CPU
		{105AB30D-A893-4E2C-B149-764A80C1FDCE}.Debug|Mixed Platforms.Build.0 = Debug|Any CPU
		{105AB30D-A893-4E2C-B149-764A80C1FDCE}.Debug|Win32.ActiveCfg = Debug|Any CPU
		{105AB30D-A893-4E2C-B149-764A80C1FDCE}.Release|Any CPU.ActiveCfg = Release|Any CPU
		{105AB30D-A893-4E2C-B149-764A80C1FDCE}.Release|Any CPU.Build.0 = Release|Any CPU
		{105AB30D-A893-4E2C-B149-764A80C1FDCE}.Release|Mixed Platforms.ActiveCfg = Release|Any CPU
		{105AB30D-A893-4E2C-B149-764A80C1FDCE}.Release|Mixed Platforms.Build.0 = Release|Any CPU
		{105AB30D-A893-4E2C-B149-764A80C1FDCE}.Release|Win32.ActiveCfg = Release|Any CPU
		{74D590B6-9AFD-4ABA-B4EC-D8A7ED08B024}.Debug|Any CPU.ActiveCfg = Debug|Any CPU
		{74D590B6-9AFD-4ABA-B4EC-D8A7ED08B024}.Debug|Any CPU.Build.0 = Debug|Any CPU
		{74D590B6-9AFD-4ABA-B4EC-D8A7ED08B024}.Debug|Mixed Platforms.ActiveCfg = Debug|Any CPU
		{74D590B6-9AFD-4ABA-B4EC-D8A7ED08B024}.Debug|Mixed Platforms.Build.0 = Debug|Any CPU
		{74D590B6-9AFD-4ABA-B4EC-D8A7ED08B024}.Debug|Win32.ActiveCfg = Debug|Any CPU
		{74D590B6-9AFD-4ABA-B4EC-D8A7ED08B024}.Release|Any CPU.ActiveCfg = Release|Any CPU
		{74D590B6-9AFD-4ABA-B4EC-D8A7ED08B024}.Release|Any CPU.Build.0 = Release|Any CPU
		{74D590B6-9AFD-4ABA-B4EC-D8A7ED08B024}.Release|Mixed Platforms.ActiveCfg = Release|Any CPU
		{74D590B6-9AFD-4ABA-B4EC-D8A7ED08B024}.Release|Mixed Platforms.Build.0 = Release|Any CPU
		{74D590B6-9AFD-4ABA-B4EC-D8A7ED08B024}.Release|Win32.ActiveCfg = Release|Any CPU
		{AC46524D-FF83-4031-80A7-51B101B573FA}.Debug|Any CPU.ActiveCfg = Debug|Any CPU
		{AC46524D-FF83-4031-80A7-51B101B573FA}.Debug|Any CPU.Build.0 = Debug|Any CPU
		{AC46524D-FF83-4031-80A7-51B101B573FA}.Debug|Mixed Platforms.ActiveCfg = Debug|Any CPU
		{AC46524D-FF83-4031-80A7-51B101B573FA}.Debug|Mixed Platforms.Build.0 = Debug|Any CPU
		{AC46524D-FF83-4031-80A7-51B101B573FA}.Debug|Win32.ActiveCfg = Debug|Any CPU
		{AC46524D-FF83-4031-80A7-51B101B573FA}.Release|Any CPU.ActiveCfg = Release|Any CPU
		{AC46524D-FF83-4031-80A7-51B101B573FA}.Release|Any CPU.Build.0 = Release|Any CPU
		{AC46524D-FF83-4031-80A7-51B101B573FA}.Release|Mixed Platforms.ActiveCfg = Release|Any CPU
		{AC46524D-FF83-4031-80A7-51B101B573FA}.Release|Mixed Platforms.Build.0 = Release|Any CPU
		{AC46524D-FF83-4031-80A7-51B101B573FA}.Release|Win32.ActiveCfg = Release|Any CPU
		{44E59227-3583-4C12-9AD3-AA3840FC90E1}.Debug|Any CPU.ActiveCfg = Debug|Any CPU
		{44E59227-3583-4C12-9AD3-AA3840FC90E1}.Debug|Any CPU.Build.0 = Debug|Any CPU
		{44E59227-3583-4C12-9AD3-AA3840FC90E1}.Debug|Mixed Platforms.ActiveCfg = Debug|Any CPU
		{44E59227-3583-4C12-9AD3-AA3840FC90E1}.Debug|Mixed Platforms.Build.0 = Debug|Any CPU
		{44E59227-3583-4C12-9AD3-AA3840FC90E1}.Debug|Win32.ActiveCfg = Debug|Any CPU
		{44E59227-3583-4C12-9AD3-AA3840FC90E1}.Release|Any CPU.ActiveCfg = Release|Any CPU
		{44E59227-3583-4C12-9AD3-AA3840FC90E1}.Release|Any CPU.Build.0 = Release|Any CPU
		{44E59227-3583-4C12-9AD3-AA3840FC90E1}.Release|Mixed Platforms.ActiveCfg = Release|Any CPU
		{44E59227-3583-4C12-9AD3-AA3840FC90E1}.Release|Mixed Platforms.Build.0 = Release|Any CPU
		{44E59227-3583-4C12-9AD3-AA3840FC90E1}.Release|Win32.ActiveCfg = Release|Any CPU
		{C917EC7F-9A59-4845-9108-87056AC61D4F}.Debug|Any CPU.ActiveCfg = Debug|Any CPU
		{C917EC7F-9A59-4845-9108-87056AC61D4F}.Debug|Any CPU.Build.0 = Debug|Any CPU
		{C917EC7F-9A59-4845-9108-87056AC61D4F}.Debug|Mixed Platforms.ActiveCfg = Debug|Any CPU
		{C917EC7F-9A59-4845-9108-87056AC61D4F}.Debug|Mixed Platforms.Build.0 = Debug|Any CPU
		{C917EC7F-9A59-4845-9108-87056AC61D4F}.Debug|Win32.ActiveCfg = Debug|Any CPU
		{C917EC7F-9A59-4845-9108-87056AC61D4F}.Release|Any CPU.ActiveCfg = Release|Any CPU
		{C917EC7F-9A59-4845-9108-87056AC61D4F}.Release|Any CPU.Build.0 = Release|Any CPU
		{C917EC7F-9A59-4845-9108-87056AC61D4F}.Release|Mixed Platforms.ActiveCfg = Release|Any CPU
		{C917EC7F-9A59-4845-9108-87056AC61D4F}.Release|Mixed Platforms.Build.0 = Release|Any CPU
		{C917EC7F-9A59-4845-9108-87056AC61D4F}.Release|Win32.ActiveCfg = Release|Any CPU
		{7C6269E8-3954-4451-8F33-67F3916231AF}.Debug|Any CPU.ActiveCfg = Debug|Any CPU
		{7C6269E8-3954-4451-8F33-67F3916231AF}.Debug|Any CPU.Build.0 = Debug|Any CPU
		{7C6269E8-3954-4451-8F33-67F3916231AF}.Debug|Mixed Platforms.ActiveCfg = Debug|Any CPU
		{7C6269E8-3954-4451-8F33-67F3916231AF}.Debug|Mixed Platforms.Build.0 = Debug|Any CPU
		{7C6269E8-3954-4451-8F33-67F3916231AF}.Debug|Win32.ActiveCfg = Debug|Any CPU
		{7C6269E8-3954-4451-8F33-67F3916231AF}.Release|Any CPU.ActiveCfg = Release|Any CPU
		{7C6269E8-3954-4451-8F33-67F3916231AF}.Release|Any CPU.Build.0 = Release|Any CPU
		{7C6269E8-3954-4451-8F33-67F3916231AF}.Release|Mixed Platforms.ActiveCfg = Release|Any CPU
		{7C6269E8-3954-4451-8F33-67F3916231AF}.Release|Mixed Platforms.Build.0 = Release|Any CPU
		{7C6269E8-3954-4451-8F33-67F3916231AF}.Release|Win32.ActiveCfg = Release|Any CPU
		{77B2FDF7-A806-449A-B2F1-ABC8DAD8A940}.Debug|Any CPU.ActiveCfg = Debug|Any CPU
		{77B2FDF7-A806-449A-B2F1-ABC8DAD8A940}.Debug|Any CPU.Build.0 = Debug|Any CPU
		{77B2FDF7-A806-449A-B2F1-ABC8DAD8A940}.Debug|Mixed Platforms.ActiveCfg = Debug|Any CPU
		{77B2FDF7-A806-449A-B2F1-ABC8DAD8A940}.Debug|Mixed Platforms.Build.0 = Debug|Any CPU
		{77B2FDF7-A806-449A-B2F1-ABC8DAD8A940}.Debug|Win32.ActiveCfg = Debug|Any CPU
		{77B2FDF7-A806-449A-B2F1-ABC8DAD8A940}.Release|Any CPU.ActiveCfg = Release|Any CPU
		{77B2FDF7-A806-449A-B2F1-ABC8DAD8A940}.Release|Any CPU.Build.0 = Release|Any CPU
		{77B2FDF7-A806-449A-B2F1-ABC8DAD8A940}.Release|Mixed Platforms.ActiveCfg = Release|Any CPU
		{77B2FDF7-A806-449A-B2F1-ABC8DAD8A940}.Release|Mixed Platforms.Build.0 = Release|Any CPU
		{77B2FDF7-A806-449A-B2F1-ABC8DAD8A940}.Release|Win32.ActiveCfg = Release|Any CPU
		{80DC56F4-DB48-4AF2-B1BE-6B944A81B293}.Debug|Any CPU.ActiveCfg = Debug|Any CPU
		{80DC56F4-DB48-4AF2-B1BE-6B944A81B293}.Debug|Any CPU.Build.0 = Debug|Any CPU
		{80DC56F4-DB48-4AF2-B1BE-6B944A81B293}.Debug|Mixed Platforms.ActiveCfg = Debug|Any CPU
		{80DC56F4-DB48-4AF2-B1BE-6B944A81B293}.Debug|Mixed Platforms.Build.0 = Debug|Any CPU
		{80DC56F4-DB48-4AF2-B1BE-6B944A81B293}.Debug|Win32.ActiveCfg = Debug|Any CPU
		{80DC56F4-DB48-4AF2-B1BE-6B944A81B293}.Release|Any CPU.ActiveCfg = Release|Any CPU
		{80DC56F4-DB48-4AF2-B1BE-6B944A81B293}.Release|Any CPU.Build.0 = Release|Any CPU
		{80DC56F4-DB48-4AF2-B1BE-6B944A81B293}.Release|Mixed Platforms.ActiveCfg = Release|Any CPU
		{80DC56F4-DB48-4AF2-B1BE-6B944A81B293}.Release|Mixed Platforms.Build.0 = Release|Any CPU
		{80DC56F4-DB48-4AF2-B1BE-6B944A81B293}.Release|Win32.ActiveCfg = Release|Any CPU
	EndGlobalSection
	GlobalSection(SolutionProperties) = preSolution
		HideSolutionNode = FALSE
	EndGlobalSection
	GlobalSection(ExtensibilityGlobals) = postSolution
		VisualSVNWorkingCopyRoot = .
	EndGlobalSection
EndGlobal
