
Microsoft Visual Studio Solution File, Format Version 10.00
# Visual Studio 2008
Project("{FAE04EC0-301F-11D3-BF4B-00C04F79EFBC}") = "Encryptor", "Encryptor\Encryptor.csproj", "{B377F693-4975-4BB6-A6DC-C0C3844517B1}"
	GlobalSection(MercurialSourceControlSolutionProperties) = preSolution
		SolutionIsControlled = True
		SolutionBindings = <Solution Location In Database>
	EndGlobalSection
EndProject
Project("{FAE04EC0-301F-11D3-BF4B-00C04F79EFBC}") = "FaceRecognition", "FaceRecognition\FaceRecognition.csproj", "{21CE9F9A-5A38-437A-96C3-F1D7B7846734}"
	GlobalSection(MercurialSourceControlSolutionProperties) = preSolution
		SolutionIsControlled = True
		SolutionBindings = <Solution Location In Database>
	EndGlobalSection
EndProject
Project("{8BC9CEB8-8B4A-11D0-8D11-00A0C91BC942}") = "FaceSearchWrapper", "FaceSearchWrapper\FaceSearchWrapper.vcproj", "{F6F410AA-5D72-49BE-9FFE-6EBECF718EAA}"
	GlobalSection(MercurialSourceControlSolutionProperties) = preSolution
		SolutionIsControlled = True
		SolutionBindings = <Solution Location In Database>
	EndGlobalSection
EndProject
Project("{8BC9CEB8-8B4A-11D0-8D11-00A0C91BC942}") = "MotionDetectWrapper", "MotionDetectWrapper\MotionDetectWrapper.vcproj", "{135CB419-42DC-468F-A6A5-C368AE5D7E8D}"
	GlobalSection(MercurialSourceControlSolutionProperties) = preSolution
		SolutionIsControlled = True
		SolutionBindings = <Solution Location In Database>
	EndGlobalSection
EndProject
Project("{FAE04EC0-301F-11D3-BF4B-00C04F79EFBC}") = "ImageProcessing", "IconExtractor\ImageProcessing.csproj", "{C917EC7F-9A59-4845-9108-87056AC61D4F}"
	GlobalSection(MercurialSourceControlSolutionProperties) = preSolution
		SolutionIsControlled = True
		SolutionBindings = <Solution Location In Database>
	EndGlobalSection
EndProject
Project("{8BC9CEB8-8B4A-11D0-8D11-00A0C91BC942}") = "FaceSelDll", "..\FaceSelDll\FaceSelDll.vcproj", "{6D0D5B2A-D5C7-4ABB-96AC-8A152E18FEE1}"
	GlobalSection(MercurialSourceControlSolutionProperties) = preSolution
		SolutionIsControlled = True
		SolutionBindings = <Solution Location In Database>
	EndGlobalSection
EndProject
Project("{8BC9CEB8-8B4A-11D0-8D11-00A0C91BC942}") = "PreProcess", "..\PreProcess\PreProcess.vcproj", "{665D7EEC-EB5E-4381-A552-B860E07A1FAC}"
	GlobalSection(MercurialSourceControlSolutionProperties) = preSolution
		SolutionIsControlled = True
		SolutionBindings = <Solution Location In Database>
	EndGlobalSection
EndProject
Project("{8BC9CEB8-8B4A-11D0-8D11-00A0C91BC942}") = "faceRecognitionDLL", "faceRecognitionDLL\faceRecognitionDLL.vcproj", "{74390464-3F5E-446B-9498-D1F6F8BEBCF2}"
	GlobalSection(MercurialSourceControlSolutionProperties) = preSolution
		SolutionIsControlled = True
		SolutionBindings = <Solution Location In Database>
	EndGlobalSection
EndProject
Project("{8BC9CEB8-8B4A-11D0-8D11-00A0C91BC942}") = "FaceSvm", "..\FaceSvm\FaceSvm\FaceSvm.vcproj", "{62BA9C03-0951-40C4-B2B9-EDABC8815177}"
	GlobalSection(MercurialSourceControlSolutionProperties) = preSolution
		SolutionIsControlled = True
		SolutionBindings = <Solution Location In Database>
	EndGlobalSection
EndProject
Global
	GlobalSection(MercurialSourceControlSolutionProperties) = preSolution
		SolutionIsControlled = True
		SolutionBindings = <Solution Location In Database>
	EndGlobalSection
	GlobalSection(SolutionConfigurationPlatforms) = preSolution
		Debug|Any CPU = Debug|Any CPU
		Debug|Mixed Platforms = Debug|Mixed Platforms
		Debug|Win32 = Debug|Win32
		Release|Any CPU = Release|Any CPU
		Release|Mixed Platforms = Release|Mixed Platforms
		Release|Win32 = Release|Win32
	EndGlobalSection
	GlobalSection(ProjectConfigurationPlatforms) = postSolution
		{B377F693-4975-4BB6-A6DC-C0C3844517B1}.Debug|Any CPU.ActiveCfg = Debug|Any CPU
		{B377F693-4975-4BB6-A6DC-C0C3844517B1}.Debug|Any CPU.Build.0 = Debug|Any CPU
		{B377F693-4975-4BB6-A6DC-C0C3844517B1}.Debug|Mixed Platforms.ActiveCfg = Debug|Any CPU
		{B377F693-4975-4BB6-A6DC-C0C3844517B1}.Debug|Mixed Platforms.Build.0 = Debug|Any CPU
		{B377F693-4975-4BB6-A6DC-C0C3844517B1}.Debug|Win32.ActiveCfg = Debug|Any CPU
		{B377F693-4975-4BB6-A6DC-C0C3844517B1}.Release|Any CPU.ActiveCfg = Release|Any CPU
		{B377F693-4975-4BB6-A6DC-C0C3844517B1}.Release|Any CPU.Build.0 = Release|Any CPU
		{B377F693-4975-4BB6-A6DC-C0C3844517B1}.Release|Mixed Platforms.ActiveCfg = Release|Any CPU
		{B377F693-4975-4BB6-A6DC-C0C3844517B1}.Release|Mixed Platforms.Build.0 = Release|Any CPU
		{B377F693-4975-4BB6-A6DC-C0C3844517B1}.Release|Win32.ActiveCfg = Release|Any CPU
		{21CE9F9A-5A38-437A-96C3-F1D7B7846734}.Debug|Any CPU.ActiveCfg = Debug|Any CPU
		{21CE9F9A-5A38-437A-96C3-F1D7B7846734}.Debug|Any CPU.Build.0 = Debug|Any CPU
		{21CE9F9A-5A38-437A-96C3-F1D7B7846734}.Debug|Mixed Platforms.ActiveCfg = Debug|Any CPU
		{21CE9F9A-5A38-437A-96C3-F1D7B7846734}.Debug|Mixed Platforms.Build.0 = Debug|Any CPU
		{21CE9F9A-5A38-437A-96C3-F1D7B7846734}.Debug|Win32.ActiveCfg = Debug|Any CPU
		{21CE9F9A-5A38-437A-96C3-F1D7B7846734}.Release|Any CPU.ActiveCfg = Release|Any CPU
		{21CE9F9A-5A38-437A-96C3-F1D7B7846734}.Release|Any CPU.Build.0 = Release|Any CPU
		{21CE9F9A-5A38-437A-96C3-F1D7B7846734}.Release|Mixed Platforms.ActiveCfg = Release|Any CPU
		{21CE9F9A-5A38-437A-96C3-F1D7B7846734}.Release|Mixed Platforms.Build.0 = Release|Any CPU
		{21CE9F9A-5A38-437A-96C3-F1D7B7846734}.Release|Win32.ActiveCfg = Release|Any CPU
		{F6F410AA-5D72-49BE-9FFE-6EBECF718EAA}.Debug|Any CPU.ActiveCfg = Debug|Win32
		{F6F410AA-5D72-49BE-9FFE-6EBECF718EAA}.Debug|Mixed Platforms.ActiveCfg = Debug|Win32
		{F6F410AA-5D72-49BE-9FFE-6EBECF718EAA}.Debug|Mixed Platforms.Build.0 = Debug|Win32
		{F6F410AA-5D72-49BE-9FFE-6EBECF718EAA}.Debug|Win32.ActiveCfg = Debug|Win32
		{F6F410AA-5D72-49BE-9FFE-6EBECF718EAA}.Debug|Win32.Build.0 = Debug|Win32
		{F6F410AA-5D72-49BE-9FFE-6EBECF718EAA}.Release|Any CPU.ActiveCfg = Release|Win32
		{F6F410AA-5D72-49BE-9FFE-6EBECF718EAA}.Release|Mixed Platforms.ActiveCfg = Release|Win32
		{F6F410AA-5D72-49BE-9FFE-6EBECF718EAA}.Release|Mixed Platforms.Build.0 = Release|Win32
		{F6F410AA-5D72-49BE-9FFE-6EBECF718EAA}.Release|Win32.ActiveCfg = Release|Win32
		{F6F410AA-5D72-49BE-9FFE-6EBECF718EAA}.Release|Win32.Build.0 = Release|Win32
		{135CB419-42DC-468F-A6A5-C368AE5D7E8D}.Debug|Any CPU.ActiveCfg = Debug|Win32
		{135CB419-42DC-468F-A6A5-C368AE5D7E8D}.Debug|Mixed Platforms.ActiveCfg = Debug|Win32
		{135CB419-42DC-468F-A6A5-C368AE5D7E8D}.Debug|Mixed Platforms.Build.0 = Debug|Win32
		{135CB419-42DC-468F-A6A5-C368AE5D7E8D}.Debug|Win32.ActiveCfg = Debug|Win32
		{135CB419-42DC-468F-A6A5-C368AE5D7E8D}.Debug|Win32.Build.0 = Debug|Win32
		{135CB419-42DC-468F-A6A5-C368AE5D7E8D}.Release|Any CPU.ActiveCfg = Release|Win32
		{135CB419-42DC-468F-A6A5-C368AE5D7E8D}.Release|Mixed Platforms.ActiveCfg = Release|Win32
		{135CB419-42DC-468F-A6A5-C368AE5D7E8D}.Release|Mixed Platforms.Build.0 = Release|Win32
		{135CB419-42DC-468F-A6A5-C368AE5D7E8D}.Release|Win32.ActiveCfg = Release|Win32
		{135CB419-42DC-468F-A6A5-C368AE5D7E8D}.Release|Win32.Build.0 = Release|Win32
		{C917EC7F-9A59-4845-9108-87056AC61D4F}.Debug|Any CPU.ActiveCfg = Debug|Any CPU
		{C917EC7F-9A59-4845-9108-87056AC61D4F}.Debug|Any CPU.Build.0 = Debug|Any CPU
		{C917EC7F-9A59-4845-9108-87056AC61D4F}.Debug|Mixed Platforms.ActiveCfg = Debug|Any CPU
		{C917EC7F-9A59-4845-9108-87056AC61D4F}.Debug|Mixed Platforms.Build.0 = Debug|Any CPU
		{C917EC7F-9A59-4845-9108-87056AC61D4F}.Debug|Win32.ActiveCfg = Debug|Any CPU
		{C917EC7F-9A59-4845-9108-87056AC61D4F}.Release|Any CPU.ActiveCfg = Release|Any CPU
		{C917EC7F-9A59-4845-9108-87056AC61D4F}.Release|Any CPU.Build.0 = Release|Any CPU
		{C917EC7F-9A59-4845-9108-87056AC61D4F}.Release|Mixed Platforms.ActiveCfg = Release|Any CPU
		{C917EC7F-9A59-4845-9108-87056AC61D4F}.Release|Mixed Platforms.Build.0 = Release|Any CPU
		{C917EC7F-9A59-4845-9108-87056AC61D4F}.Release|Win32.ActiveCfg = Release|Any CPU
		{6D0D5B2A-D5C7-4ABB-96AC-8A152E18FEE1}.Debug|Any CPU.ActiveCfg = Debug|Win32
		{6D0D5B2A-D5C7-4ABB-96AC-8A152E18FEE1}.Debug|Mixed Platforms.ActiveCfg = Debug|Win32
		{6D0D5B2A-D5C7-4ABB-96AC-8A152E18FEE1}.Debug|Mixed Platforms.Build.0 = Debug|Win32
		{6D0D5B2A-D5C7-4ABB-96AC-8A152E18FEE1}.Debug|Win32.ActiveCfg = Debug|Win32
		{6D0D5B2A-D5C7-4ABB-96AC-8A152E18FEE1}.Debug|Win32.Build.0 = Debug|Win32
		{6D0D5B2A-D5C7-4ABB-96AC-8A152E18FEE1}.Release|Any CPU.ActiveCfg = Release|Win32
		{6D0D5B2A-D5C7-4ABB-96AC-8A152E18FEE1}.Release|Mixed Platforms.ActiveCfg = Release|Win32
		{6D0D5B2A-D5C7-4ABB-96AC-8A152E18FEE1}.Release|Mixed Platforms.Build.0 = Release|Win32
		{6D0D5B2A-D5C7-4ABB-96AC-8A152E18FEE1}.Release|Win32.ActiveCfg = Release|Win32
		{6D0D5B2A-D5C7-4ABB-96AC-8A152E18FEE1}.Release|Win32.Build.0 = Release|Win32
		{665D7EEC-EB5E-4381-A552-B860E07A1FAC}.Debug|Any CPU.ActiveCfg = Debug|Win32
		{665D7EEC-EB5E-4381-A552-B860E07A1FAC}.Debug|Mixed Platforms.ActiveCfg = Debug|Win32
		{665D7EEC-EB5E-4381-A552-B860E07A1FAC}.Debug|Mixed Platforms.Build.0 = Debug|Win32
		{665D7EEC-EB5E-4381-A552-B860E07A1FAC}.Debug|Win32.ActiveCfg = Debug|Win32
		{665D7EEC-EB5E-4381-A552-B860E07A1FAC}.Debug|Win32.Build.0 = Debug|Win32
		{665D7EEC-EB5E-4381-A552-B860E07A1FAC}.Release|Any CPU.ActiveCfg = Release|Win32
		{665D7EEC-EB5E-4381-A552-B860E07A1FAC}.Release|Mixed Platforms.ActiveCfg = Release|Win32
		{665D7EEC-EB5E-4381-A552-B860E07A1FAC}.Release|Mixed Platforms.Build.0 = Release|Win32
		{665D7EEC-EB5E-4381-A552-B860E07A1FAC}.Release|Win32.ActiveCfg = Release|Win32
		{665D7EEC-EB5E-4381-A552-B860E07A1FAC}.Release|Win32.Build.0 = Release|Win32
		{74390464-3F5E-446B-9498-D1F6F8BEBCF2}.Debug|Any CPU.ActiveCfg = Debug|Win32
		{74390464-3F5E-446B-9498-D1F6F8BEBCF2}.Debug|Mixed Platforms.ActiveCfg = Debug|Win32
		{74390464-3F5E-446B-9498-D1F6F8BEBCF2}.Debug|Mixed Platforms.Build.0 = Debug|Win32
		{74390464-3F5E-446B-9498-D1F6F8BEBCF2}.Debug|Win32.ActiveCfg = Debug|Win32
		{74390464-3F5E-446B-9498-D1F6F8BEBCF2}.Debug|Win32.Build.0 = Debug|Win32
		{74390464-3F5E-446B-9498-D1F6F8BEBCF2}.Release|Any CPU.ActiveCfg = Release|Win32
		{74390464-3F5E-446B-9498-D1F6F8BEBCF2}.Release|Mixed Platforms.ActiveCfg = Release|Win32
		{74390464-3F5E-446B-9498-D1F6F8BEBCF2}.Release|Mixed Platforms.Build.0 = Release|Win32
		{74390464-3F5E-446B-9498-D1F6F8BEBCF2}.Release|Win32.ActiveCfg = Release|Win32
		{74390464-3F5E-446B-9498-D1F6F8BEBCF2}.Release|Win32.Build.0 = Release|Win32
		{62BA9C03-0951-40C4-B2B9-EDABC8815177}.Debug|Any CPU.ActiveCfg = Debug|Win32
		{62BA9C03-0951-40C4-B2B9-EDABC8815177}.Debug|Mixed Platforms.ActiveCfg = Debug|Win32
		{62BA9C03-0951-40C4-B2B9-EDABC8815177}.Debug|Mixed Platforms.Build.0 = Debug|Win32
		{62BA9C03-0951-40C4-B2B9-EDABC8815177}.Debug|Win32.ActiveCfg = Debug|Win32
		{62BA9C03-0951-40C4-B2B9-EDABC8815177}.Debug|Win32.Build.0 = Debug|Win32
		{62BA9C03-0951-40C4-B2B9-EDABC8815177}.Release|Any CPU.ActiveCfg = Release|Win32
		{62BA9C03-0951-40C4-B2B9-EDABC8815177}.Release|Mixed Platforms.ActiveCfg = Release|Win32
		{62BA9C03-0951-40C4-B2B9-EDABC8815177}.Release|Mixed Platforms.Build.0 = Release|Win32
		{62BA9C03-0951-40C4-B2B9-EDABC8815177}.Release|Win32.ActiveCfg = Release|Win32
		{62BA9C03-0951-40C4-B2B9-EDABC8815177}.Release|Win32.Build.0 = Release|Win32
	EndGlobalSection
	GlobalSection(SolutionProperties) = preSolution
		HideSolutionNode = FALSE
	EndGlobalSection
EndGlobal
