
Microsoft Visual Studio Solution File, Format Version 12.00
# Visual Studio 2012
Project("{2150E333-8FDC-42A3-9474-1A3956D46DE8}") = "Framework", "Framework", "{DB64F93D-6884-43E8-8EB8-0E02D50F4F8C}"
EndProject
Project("{2150E333-8FDC-42A3-9474-1A3956D46DE8}") = "Imaging", "Imaging", "{36D5637F-B991-4E43-BE44-6D0D4E3928A9}"
EndProject
Project("{FAE04EC0-301F-11D3-BF4B-00C04F79EFBC}") = "RemoteControlService", "RemoteControlService\RemoteControlService.csproj", "{3F01A85F-C1C4-4060-AA37-57AB6F0C90AB}"
EndProject
Project("{FAE04EC0-301F-11D3-BF4B-00C04F79EFBC}") = "Damany.Component", "..\Damany.Library\Damany.Component\Damany.Component.csproj", "{80DC56F4-DB48-4AF2-B1BE-6B944A81B293}"
EndProject
Project("{FAE04EC0-301F-11D3-BF4B-00C04F79EFBC}") = "ImageProcessing", "IconExtractor\ImageProcessing.csproj", "{C917EC7F-9A59-4845-9108-87056AC61D4F}"
EndProject
Project("{FAE04EC0-301F-11D3-BF4B-00C04F79EFBC}") = "Damany.Security", "UsersAdmin\Damany.Security.csproj", "{7C6269E8-3954-4451-8F33-67F3916231AF}"
EndProject
Project("{FAE04EC0-301F-11D3-BF4B-00C04F79EFBC}") = "Discovery", "Discovery\Discovery.csproj", "{105AB30D-A893-4E2C-B149-764A80C1FDCE}"
EndProject
Project("{FAE04EC0-301F-11D3-BF4B-00C04F79EFBC}") = "Damany.Net", "..\Damany.Library\Damany.Net\Damany.Net.csproj", "{DE24702E-0C81-477E-B7EF-FD8DCFF46A04}"
EndProject
Project("{FAE04EC0-301F-11D3-BF4B-00C04F79EFBC}") = "Damany.Drawing", "..\Damany.Library\Damany.Drawing\Damany.Drawing.csproj", "{1355FF2A-A389-4A36-8A72-883BBAA1D548}"
EndProject
Project("{FAE04EC0-301F-11D3-BF4B-00C04F79EFBC}") = "Damany.Windows.Form", "..\Damany.Library\Damany.Windows.Form\Damany.Windows.Form.csproj", "{8AA0E208-9EC2-477B-BE96-00E4C7B7F827}"
EndProject
Project("{FAE04EC0-301F-11D3-BF4B-00C04F79EFBC}") = "FaceRecognition", "FaceRecognition\FaceRecognition.csproj", "{21CE9F9A-5A38-437A-96C3-F1D7B7846734}"
EndProject
Project("{FAE04EC0-301F-11D3-BF4B-00C04F79EFBC}") = "Messages", "Messages\Messages.csproj", "{80A13967-C4D2-4B5A-909D-FA595F57F88D}"
EndProject
Project("{FAE04EC0-301F-11D3-BF4B-00C04F79EFBC}") = "Encryptor", "Encryptor\Encryptor.csproj", "{B377F693-4975-4BB6-A6DC-C0C3844517B1}"
EndProject
Project("{FAE04EC0-301F-11D3-BF4B-00C04F79EFBC}") = "Imaging.Test", "FaceProcessingWrapper.Test\Imaging.Test.csproj", "{7F738107-2BE8-474F-B375-BAFD537018EA}"
EndProject
Project("{FAE04EC0-301F-11D3-BF4B-00C04F79EFBC}") = "Damany.Util", "Damany.Util\Damany.Util.csproj", "{FA6DEBE0-D78D-437E-B05D-0923896290C9}"
EndProject
Project("{8BC9CEB8-8B4A-11D0-8D11-00A0C91BC942}") = "Damany.Cameras.Wrappers", "..\Damany.Library\CameraWrappers\CameraWrappers.vcxproj", "{477A59D8-2EC6-4C25-B111-A38B1C9856A6}"
EndProject
Project("{FAE04EC0-301F-11D3-BF4B-00C04F79EFBC}") = "CameraWrappers.Test", "..\Damany.Library\CameraWrappers.Test\CameraWrappers.Test.csproj", "{6FA66571-1E49-42D8-83B8-6A38B75A85DC}"
EndProject
Project("{FAE04EC0-301F-11D3-BF4B-00C04F79EFBC}") = "Damany.Cameras", "Damany.Cameras\Damany.Cameras.csproj", "{BCB72517-49DF-4EDE-B84A-55E870B069EF}"
EndProject
Project("{FAE04EC0-301F-11D3-BF4B-00C04F79EFBC}") = "Damany.Imaging.Processors.Test", "Damany.Imaging.Processors.Test\Damany.Imaging.Processors.Test.csproj", "{C75F2058-53D5-4623-902B-44E8E3C3287E}"
EndProject
Project("{FAE04EC0-301F-11D3-BF4B-00C04F79EFBC}") = "TestDataProvider", "TestDataProvider\TestDataProvider.csproj", "{5783AFA7-05AD-4B52-8A0F-C120EADCCB9C}"
EndProject
Project("{FAE04EC0-301F-11D3-BF4B-00C04F79EFBC}") = "Damany.Imaging.Common", "Damany.Imaging.Common\Damany.Imaging.Common.csproj", "{1546E91B-1045-42BA-9CAA-D5215EF3C792}"
EndProject
Project("{2150E333-8FDC-42A3-9474-1A3956D46DE8}") = "Solution Items", "Solution Items", "{F7C2AD26-EA97-4AB3-B146-AA13DD34025B}"
	ProjectSection(SolutionItems) = preProject
		Performance1.psess = Performance1.psess
	EndProjectSection
EndProject
Project("{FAE04EC0-301F-11D3-BF4B-00C04F79EFBC}") = "Damany.PC", "Damany.PC.Domain\Damany.PC.csproj", "{A3D29CCA-AC43-45A0-8651-74A3C51D005D}"
EndProject
Project("{FAE04EC0-301F-11D3-BF4B-00C04F79EFBC}") = "Gma.UserActivityMonitor", "..\Gma.UserActivityMonitor\Gma.UserActivityMonitor.csproj", "{F52AA97E-180A-40ED-8F2B-09080171D6C7}"
EndProject
Global
	GlobalSection(SolutionConfigurationPlatforms) = preSolution
		Debug|Any CPU = Debug|Any CPU
		Debug|Mixed Platforms = Debug|Mixed Platforms
		Debug|Win32 = Debug|Win32
		Debug|x86 = Debug|x86
		Release|Any CPU = Release|Any CPU
		Release|Mixed Platforms = Release|Mixed Platforms
		Release|Win32 = Release|Win32
		Release|x86 = Release|x86
	EndGlobalSection
	GlobalSection(ProjectConfigurationPlatforms) = postSolution
		{3F01A85F-C1C4-4060-AA37-57AB6F0C90AB}.Debug|Any CPU.ActiveCfg = Debug|Any CPU
		{3F01A85F-C1C4-4060-AA37-57AB6F0C90AB}.Debug|Any CPU.Build.0 = Debug|Any CPU
		{3F01A85F-C1C4-4060-AA37-57AB6F0C90AB}.Debug|Mixed Platforms.ActiveCfg = Debug|Any CPU
		{3F01A85F-C1C4-4060-AA37-57AB6F0C90AB}.Debug|Mixed Platforms.Build.0 = Debug|Any CPU
		{3F01A85F-C1C4-4060-AA37-57AB6F0C90AB}.Debug|Win32.ActiveCfg = Debug|Any CPU
		{3F01A85F-C1C4-4060-AA37-57AB6F0C90AB}.Debug|x86.ActiveCfg = Debug|Any CPU
		{3F01A85F-C1C4-4060-AA37-57AB6F0C90AB}.Release|Any CPU.ActiveCfg = Release|Any CPU
		{3F01A85F-C1C4-4060-AA37-57AB6F0C90AB}.Release|Any CPU.Build.0 = Release|Any CPU
		{3F01A85F-C1C4-4060-AA37-57AB6F0C90AB}.Release|Mixed Platforms.ActiveCfg = Release|Any CPU
		{3F01A85F-C1C4-4060-AA37-57AB6F0C90AB}.Release|Mixed Platforms.Build.0 = Release|Any CPU
		{3F01A85F-C1C4-4060-AA37-57AB6F0C90AB}.Release|Win32.ActiveCfg = Release|Any CPU
		{3F01A85F-C1C4-4060-AA37-57AB6F0C90AB}.Release|x86.ActiveCfg = Release|Any CPU
		{80DC56F4-DB48-4AF2-B1BE-6B944A81B293}.Debug|Any CPU.ActiveCfg = Debug|Any CPU
		{80DC56F4-DB48-4AF2-B1BE-6B944A81B293}.Debug|Any CPU.Build.0 = Debug|Any CPU
		{80DC56F4-DB48-4AF2-B1BE-6B944A81B293}.Debug|Mixed Platforms.ActiveCfg = Debug|Any CPU
		{80DC56F4-DB48-4AF2-B1BE-6B944A81B293}.Debug|Mixed Platforms.Build.0 = Debug|Any CPU
		{80DC56F4-DB48-4AF2-B1BE-6B944A81B293}.Debug|Win32.ActiveCfg = Debug|Any CPU
		{80DC56F4-DB48-4AF2-B1BE-6B944A81B293}.Debug|x86.ActiveCfg = Debug|Any CPU
		{80DC56F4-DB48-4AF2-B1BE-6B944A81B293}.Release|Any CPU.ActiveCfg = Release|Any CPU
		{80DC56F4-DB48-4AF2-B1BE-6B944A81B293}.Release|Any CPU.Build.0 = Release|Any CPU
		{80DC56F4-DB48-4AF2-B1BE-6B944A81B293}.Release|Mixed Platforms.ActiveCfg = Release|Any CPU
		{80DC56F4-DB48-4AF2-B1BE-6B944A81B293}.Release|Mixed Platforms.Build.0 = Release|Any CPU
		{80DC56F4-DB48-4AF2-B1BE-6B944A81B293}.Release|Win32.ActiveCfg = Release|Any CPU
		{80DC56F4-DB48-4AF2-B1BE-6B944A81B293}.Release|x86.ActiveCfg = Release|Any CPU
		{C917EC7F-9A59-4845-9108-87056AC61D4F}.Debug|Any CPU.ActiveCfg = Debug|Any CPU
		{C917EC7F-9A59-4845-9108-87056AC61D4F}.Debug|Any CPU.Build.0 = Debug|Any CPU
		{C917EC7F-9A59-4845-9108-87056AC61D4F}.Debug|Mixed Platforms.ActiveCfg = Debug|Any CPU
		{C917EC7F-9A59-4845-9108-87056AC61D4F}.Debug|Mixed Platforms.Build.0 = Debug|Any CPU
		{C917EC7F-9A59-4845-9108-87056AC61D4F}.Debug|Win32.ActiveCfg = Debug|Any CPU
		{C917EC7F-9A59-4845-9108-87056AC61D4F}.Debug|x86.ActiveCfg = Debug|Any CPU
		{C917EC7F-9A59-4845-9108-87056AC61D4F}.Release|Any CPU.ActiveCfg = Release|Any CPU
		{C917EC7F-9A59-4845-9108-87056AC61D4F}.Release|Any CPU.Build.0 = Release|Any CPU
		{C917EC7F-9A59-4845-9108-87056AC61D4F}.Release|Mixed Platforms.ActiveCfg = Release|Any CPU
		{C917EC7F-9A59-4845-9108-87056AC61D4F}.Release|Mixed Platforms.Build.0 = Release|Any CPU
		{C917EC7F-9A59-4845-9108-87056AC61D4F}.Release|Win32.ActiveCfg = Release|Any CPU
		{C917EC7F-9A59-4845-9108-87056AC61D4F}.Release|x86.ActiveCfg = Release|Any CPU
		{7C6269E8-3954-4451-8F33-67F3916231AF}.Debug|Any CPU.ActiveCfg = Debug|Any CPU
		{7C6269E8-3954-4451-8F33-67F3916231AF}.Debug|Any CPU.Build.0 = Debug|Any CPU
		{7C6269E8-3954-4451-8F33-67F3916231AF}.Debug|Mixed Platforms.ActiveCfg = Debug|Any CPU
		{7C6269E8-3954-4451-8F33-67F3916231AF}.Debug|Mixed Platforms.Build.0 = Debug|Any CPU
		{7C6269E8-3954-4451-8F33-67F3916231AF}.Debug|Win32.ActiveCfg = Debug|Any CPU
		{7C6269E8-3954-4451-8F33-67F3916231AF}.Debug|x86.ActiveCfg = Debug|Any CPU
		{7C6269E8-3954-4451-8F33-67F3916231AF}.Release|Any CPU.ActiveCfg = Release|Any CPU
		{7C6269E8-3954-4451-8F33-67F3916231AF}.Release|Any CPU.Build.0 = Release|Any CPU
		{7C6269E8-3954-4451-8F33-67F3916231AF}.Release|Mixed Platforms.ActiveCfg = Release|Any CPU
		{7C6269E8-3954-4451-8F33-67F3916231AF}.Release|Mixed Platforms.Build.0 = Release|Any CPU
		{7C6269E8-3954-4451-8F33-67F3916231AF}.Release|Win32.ActiveCfg = Release|Any CPU
		{7C6269E8-3954-4451-8F33-67F3916231AF}.Release|x86.ActiveCfg = Release|Any CPU
		{105AB30D-A893-4E2C-B149-764A80C1FDCE}.Debug|Any CPU.ActiveCfg = Debug|Any CPU
		{105AB30D-A893-4E2C-B149-764A80C1FDCE}.Debug|Any CPU.Build.0 = Debug|Any CPU
		{105AB30D-A893-4E2C-B149-764A80C1FDCE}.Debug|Mixed Platforms.ActiveCfg = Debug|Any CPU
		{105AB30D-A893-4E2C-B149-764A80C1FDCE}.Debug|Mixed Platforms.Build.0 = Debug|Any CPU
		{105AB30D-A893-4E2C-B149-764A80C1FDCE}.Debug|Win32.ActiveCfg = Debug|Any CPU
		{105AB30D-A893-4E2C-B149-764A80C1FDCE}.Debug|x86.ActiveCfg = Debug|Any CPU
		{105AB30D-A893-4E2C-B149-764A80C1FDCE}.Release|Any CPU.ActiveCfg = Release|Any CPU
		{105AB30D-A893-4E2C-B149-764A80C1FDCE}.Release|Any CPU.Build.0 = Release|Any CPU
		{105AB30D-A893-4E2C-B149-764A80C1FDCE}.Release|Mixed Platforms.ActiveCfg = Release|Any CPU
		{105AB30D-A893-4E2C-B149-764A80C1FDCE}.Release|Mixed Platforms.Build.0 = Release|Any CPU
		{105AB30D-A893-4E2C-B149-764A80C1FDCE}.Release|Win32.ActiveCfg = Release|Any CPU
		{105AB30D-A893-4E2C-B149-764A80C1FDCE}.Release|x86.ActiveCfg = Release|Any CPU
		{DE24702E-0C81-477E-B7EF-FD8DCFF46A04}.Debug|Any CPU.ActiveCfg = Debug|Any CPU
		{DE24702E-0C81-477E-B7EF-FD8DCFF46A04}.Debug|Any CPU.Build.0 = Debug|Any CPU
		{DE24702E-0C81-477E-B7EF-FD8DCFF46A04}.Debug|Mixed Platforms.ActiveCfg = Debug|Any CPU
		{DE24702E-0C81-477E-B7EF-FD8DCFF46A04}.Debug|Mixed Platforms.Build.0 = Debug|Any CPU
		{DE24702E-0C81-477E-B7EF-FD8DCFF46A04}.Debug|Win32.ActiveCfg = Debug|Any CPU
		{DE24702E-0C81-477E-B7EF-FD8DCFF46A04}.Debug|x86.ActiveCfg = Debug|Any CPU
		{DE24702E-0C81-477E-B7EF-FD8DCFF46A04}.Release|Any CPU.ActiveCfg = Release|Any CPU
		{DE24702E-0C81-477E-B7EF-FD8DCFF46A04}.Release|Any CPU.Build.0 = Release|Any CPU
		{DE24702E-0C81-477E-B7EF-FD8DCFF46A04}.Release|Mixed Platforms.ActiveCfg = Release|Any CPU
		{DE24702E-0C81-477E-B7EF-FD8DCFF46A04}.Release|Mixed Platforms.Build.0 = Release|Any CPU
		{DE24702E-0C81-477E-B7EF-FD8DCFF46A04}.Release|Win32.ActiveCfg = Release|Any CPU
		{DE24702E-0C81-477E-B7EF-FD8DCFF46A04}.Release|x86.ActiveCfg = Release|Any CPU
		{1355FF2A-A389-4A36-8A72-883BBAA1D548}.Debug|Any CPU.ActiveCfg = Debug|Any CPU
		{1355FF2A-A389-4A36-8A72-883BBAA1D548}.Debug|Any CPU.Build.0 = Debug|Any CPU
		{1355FF2A-A389-4A36-8A72-883BBAA1D548}.Debug|Mixed Platforms.ActiveCfg = Debug|Any CPU
		{1355FF2A-A389-4A36-8A72-883BBAA1D548}.Debug|Mixed Platforms.Build.0 = Debug|Any CPU
		{1355FF2A-A389-4A36-8A72-883BBAA1D548}.Debug|Win32.ActiveCfg = Debug|Any CPU
		{1355FF2A-A389-4A36-8A72-883BBAA1D548}.Debug|x86.ActiveCfg = Debug|Any CPU
		{1355FF2A-A389-4A36-8A72-883BBAA1D548}.Release|Any CPU.ActiveCfg = Release|Any CPU
		{1355FF2A-A389-4A36-8A72-883BBAA1D548}.Release|Any CPU.Build.0 = Release|Any CPU
		{1355FF2A-A389-4A36-8A72-883BBAA1D548}.Release|Mixed Platforms.ActiveCfg = Release|Any CPU
		{1355FF2A-A389-4A36-8A72-883BBAA1D548}.Release|Mixed Platforms.Build.0 = Release|Any CPU
		{1355FF2A-A389-4A36-8A72-883BBAA1D548}.Release|Win32.ActiveCfg = Release|Any CPU
		{1355FF2A-A389-4A36-8A72-883BBAA1D548}.Release|x86.ActiveCfg = Release|Any CPU
		{8AA0E208-9EC2-477B-BE96-00E4C7B7F827}.Debug|Any CPU.ActiveCfg = Debug|Any CPU
		{8AA0E208-9EC2-477B-BE96-00E4C7B7F827}.Debug|Any CPU.Build.0 = Debug|Any CPU
		{8AA0E208-9EC2-477B-BE96-00E4C7B7F827}.Debug|Mixed Platforms.ActiveCfg = Debug|Any CPU
		{8AA0E208-9EC2-477B-BE96-00E4C7B7F827}.Debug|Mixed Platforms.Build.0 = Debug|Any CPU
		{8AA0E208-9EC2-477B-BE96-00E4C7B7F827}.Debug|Win32.ActiveCfg = Debug|Any CPU
		{8AA0E208-9EC2-477B-BE96-00E4C7B7F827}.Debug|x86.ActiveCfg = Debug|Any CPU
		{8AA0E208-9EC2-477B-BE96-00E4C7B7F827}.Release|Any CPU.ActiveCfg = Release|Any CPU
		{8AA0E208-9EC2-477B-BE96-00E4C7B7F827}.Release|Any CPU.Build.0 = Release|Any CPU
		{8AA0E208-9EC2-477B-BE96-00E4C7B7F827}.Release|Mixed Platforms.ActiveCfg = Release|Any CPU
		{8AA0E208-9EC2-477B-BE96-00E4C7B7F827}.Release|Mixed Platforms.Build.0 = Release|Any CPU
		{8AA0E208-9EC2-477B-BE96-00E4C7B7F827}.Release|Win32.ActiveCfg = Release|Any CPU
		{8AA0E208-9EC2-477B-BE96-00E4C7B7F827}.Release|x86.ActiveCfg = Release|Any CPU
		{21CE9F9A-5A38-437A-96C3-F1D7B7846734}.Debug|Any CPU.ActiveCfg = Debug|Any CPU
		{21CE9F9A-5A38-437A-96C3-F1D7B7846734}.Debug|Any CPU.Build.0 = Debug|Any CPU
		{21CE9F9A-5A38-437A-96C3-F1D7B7846734}.Debug|Mixed Platforms.ActiveCfg = Debug|Any CPU
		{21CE9F9A-5A38-437A-96C3-F1D7B7846734}.Debug|Mixed Platforms.Build.0 = Debug|Any CPU
		{21CE9F9A-5A38-437A-96C3-F1D7B7846734}.Debug|Win32.ActiveCfg = Debug|Any CPU
		{21CE9F9A-5A38-437A-96C3-F1D7B7846734}.Debug|x86.ActiveCfg = Debug|Any CPU
		{21CE9F9A-5A38-437A-96C3-F1D7B7846734}.Release|Any CPU.ActiveCfg = Release|Any CPU
		{21CE9F9A-5A38-437A-96C3-F1D7B7846734}.Release|Any CPU.Build.0 = Release|Any CPU
		{21CE9F9A-5A38-437A-96C3-F1D7B7846734}.Release|Mixed Platforms.ActiveCfg = Release|Any CPU
		{21CE9F9A-5A38-437A-96C3-F1D7B7846734}.Release|Mixed Platforms.Build.0 = Release|Any CPU
		{21CE9F9A-5A38-437A-96C3-F1D7B7846734}.Release|Win32.ActiveCfg = Release|Any CPU
		{21CE9F9A-5A38-437A-96C3-F1D7B7846734}.Release|x86.ActiveCfg = Release|Any CPU
		{80A13967-C4D2-4B5A-909D-FA595F57F88D}.Debug|Any CPU.ActiveCfg = Debug|Any CPU
		{80A13967-C4D2-4B5A-909D-FA595F57F88D}.Debug|Any CPU.Build.0 = Debug|Any CPU
		{80A13967-C4D2-4B5A-909D-FA595F57F88D}.Debug|Mixed Platforms.ActiveCfg = Debug|Any CPU
		{80A13967-C4D2-4B5A-909D-FA595F57F88D}.Debug|Mixed Platforms.Build.0 = Debug|Any CPU
		{80A13967-C4D2-4B5A-909D-FA595F57F88D}.Debug|Win32.ActiveCfg = Debug|Any CPU
		{80A13967-C4D2-4B5A-909D-FA595F57F88D}.Debug|x86.ActiveCfg = Debug|Any CPU
		{80A13967-C4D2-4B5A-909D-FA595F57F88D}.Release|Any CPU.ActiveCfg = Release|Any CPU
		{80A13967-C4D2-4B5A-909D-FA595F57F88D}.Release|Any CPU.Build.0 = Release|Any CPU
		{80A13967-C4D2-4B5A-909D-FA595F57F88D}.Release|Mixed Platforms.ActiveCfg = Release|Any CPU
		{80A13967-C4D2-4B5A-909D-FA595F57F88D}.Release|Mixed Platforms.Build.0 = Release|Any CPU
		{80A13967-C4D2-4B5A-909D-FA595F57F88D}.Release|Win32.ActiveCfg = Release|Any CPU
		{80A13967-C4D2-4B5A-909D-FA595F57F88D}.Release|x86.ActiveCfg = Release|Any CPU
		{B377F693-4975-4BB6-A6DC-C0C3844517B1}.Debug|Any CPU.ActiveCfg = Debug|Any CPU
		{B377F693-4975-4BB6-A6DC-C0C3844517B1}.Debug|Any CPU.Build.0 = Debug|Any CPU
		{B377F693-4975-4BB6-A6DC-C0C3844517B1}.Debug|Mixed Platforms.ActiveCfg = Debug|Any CPU
		{B377F693-4975-4BB6-A6DC-C0C3844517B1}.Debug|Mixed Platforms.Build.0 = Debug|Any CPU
		{B377F693-4975-4BB6-A6DC-C0C3844517B1}.Debug|Win32.ActiveCfg = Debug|Any CPU
		{B377F693-4975-4BB6-A6DC-C0C3844517B1}.Debug|x86.ActiveCfg = Debug|Any CPU
		{B377F693-4975-4BB6-A6DC-C0C3844517B1}.Release|Any CPU.ActiveCfg = Release|Any CPU
		{B377F693-4975-4BB6-A6DC-C0C3844517B1}.Release|Any CPU.Build.0 = Release|Any CPU
		{B377F693-4975-4BB6-A6DC-C0C3844517B1}.Release|Mixed Platforms.ActiveCfg = Release|Any CPU
		{B377F693-4975-4BB6-A6DC-C0C3844517B1}.Release|Mixed Platforms.Build.0 = Release|Any CPU
		{B377F693-4975-4BB6-A6DC-C0C3844517B1}.Release|Win32.ActiveCfg = Release|Any CPU
		{B377F693-4975-4BB6-A6DC-C0C3844517B1}.Release|x86.ActiveCfg = Release|Any CPU
		{7F738107-2BE8-474F-B375-BAFD537018EA}.Debug|Any CPU.ActiveCfg = Debug|Any CPU
		{7F738107-2BE8-474F-B375-BAFD537018EA}.Debug|Any CPU.Build.0 = Debug|Any CPU
		{7F738107-2BE8-474F-B375-BAFD537018EA}.Debug|Mixed Platforms.ActiveCfg = Debug|Any CPU
		{7F738107-2BE8-474F-B375-BAFD537018EA}.Debug|Mixed Platforms.Build.0 = Debug|Any CPU
		{7F738107-2BE8-474F-B375-BAFD537018EA}.Debug|Win32.ActiveCfg = Debug|Any CPU
		{7F738107-2BE8-474F-B375-BAFD537018EA}.Debug|x86.ActiveCfg = Debug|Any CPU
		{7F738107-2BE8-474F-B375-BAFD537018EA}.Release|Any CPU.ActiveCfg = Release|Any CPU
		{7F738107-2BE8-474F-B375-BAFD537018EA}.Release|Any CPU.Build.0 = Release|Any CPU
		{7F738107-2BE8-474F-B375-BAFD537018EA}.Release|Mixed Platforms.ActiveCfg = Release|Any CPU
		{7F738107-2BE8-474F-B375-BAFD537018EA}.Release|Mixed Platforms.Build.0 = Release|Any CPU
		{7F738107-2BE8-474F-B375-BAFD537018EA}.Release|Win32.ActiveCfg = Release|Any CPU
		{7F738107-2BE8-474F-B375-BAFD537018EA}.Release|x86.ActiveCfg = Release|Any CPU
		{FA6DEBE0-D78D-437E-B05D-0923896290C9}.Debug|Any CPU.ActiveCfg = Debug|Any CPU
		{FA6DEBE0-D78D-437E-B05D-0923896290C9}.Debug|Any CPU.Build.0 = Debug|Any CPU
		{FA6DEBE0-D78D-437E-B05D-0923896290C9}.Debug|Mixed Platforms.ActiveCfg = Debug|Any CPU
		{FA6DEBE0-D78D-437E-B05D-0923896290C9}.Debug|Mixed Platforms.Build.0 = Debug|Any CPU
		{FA6DEBE0-D78D-437E-B05D-0923896290C9}.Debug|Win32.ActiveCfg = Debug|Any CPU
		{FA6DEBE0-D78D-437E-B05D-0923896290C9}.Debug|x86.ActiveCfg = Debug|Any CPU
		{FA6DEBE0-D78D-437E-B05D-0923896290C9}.Release|Any CPU.ActiveCfg = Release|Any CPU
		{FA6DEBE0-D78D-437E-B05D-0923896290C9}.Release|Any CPU.Build.0 = Release|Any CPU
		{FA6DEBE0-D78D-437E-B05D-0923896290C9}.Release|Mixed Platforms.ActiveCfg = Release|Any CPU
		{FA6DEBE0-D78D-437E-B05D-0923896290C9}.Release|Mixed Platforms.Build.0 = Release|Any CPU
		{FA6DEBE0-D78D-437E-B05D-0923896290C9}.Release|Win32.ActiveCfg = Release|Any CPU
		{FA6DEBE0-D78D-437E-B05D-0923896290C9}.Release|x86.ActiveCfg = Release|Any CPU
		{477A59D8-2EC6-4C25-B111-A38B1C9856A6}.Debug|Any CPU.ActiveCfg = Debug|Win32
		{477A59D8-2EC6-4C25-B111-A38B1C9856A6}.Debug|Mixed Platforms.ActiveCfg = Debug|Win32
		{477A59D8-2EC6-4C25-B111-A38B1C9856A6}.Debug|Mixed Platforms.Build.0 = Debug|Win32
		{477A59D8-2EC6-4C25-B111-A38B1C9856A6}.Debug|Win32.ActiveCfg = Debug|Win32
		{477A59D8-2EC6-4C25-B111-A38B1C9856A6}.Debug|Win32.Build.0 = Debug|Win32
		{477A59D8-2EC6-4C25-B111-A38B1C9856A6}.Debug|x86.ActiveCfg = Debug|Win32
		{477A59D8-2EC6-4C25-B111-A38B1C9856A6}.Release|Any CPU.ActiveCfg = Release|Win32
		{477A59D8-2EC6-4C25-B111-A38B1C9856A6}.Release|Mixed Platforms.ActiveCfg = Release|Win32
		{477A59D8-2EC6-4C25-B111-A38B1C9856A6}.Release|Mixed Platforms.Build.0 = Release|Win32
		{477A59D8-2EC6-4C25-B111-A38B1C9856A6}.Release|Win32.ActiveCfg = Release|Win32
		{477A59D8-2EC6-4C25-B111-A38B1C9856A6}.Release|Win32.Build.0 = Release|Win32
		{477A59D8-2EC6-4C25-B111-A38B1C9856A6}.Release|x86.ActiveCfg = Release|Win32
		{6FA66571-1E49-42D8-83B8-6A38B75A85DC}.Debug|Any CPU.ActiveCfg = Debug|Any CPU
		{6FA66571-1E49-42D8-83B8-6A38B75A85DC}.Debug|Any CPU.Build.0 = Debug|Any CPU
		{6FA66571-1E49-42D8-83B8-6A38B75A85DC}.Debug|Mixed Platforms.ActiveCfg = Debug|Any CPU
		{6FA66571-1E49-42D8-83B8-6A38B75A85DC}.Debug|Mixed Platforms.Build.0 = Debug|Any CPU
		{6FA66571-1E49-42D8-83B8-6A38B75A85DC}.Debug|Win32.ActiveCfg = Debug|Any CPU
		{6FA66571-1E49-42D8-83B8-6A38B75A85DC}.Debug|x86.ActiveCfg = Debug|Any CPU
		{6FA66571-1E49-42D8-83B8-6A38B75A85DC}.Release|Any CPU.ActiveCfg = Release|Any CPU
		{6FA66571-1E49-42D8-83B8-6A38B75A85DC}.Release|Any CPU.Build.0 = Release|Any CPU
		{6FA66571-1E49-42D8-83B8-6A38B75A85DC}.Release|Mixed Platforms.ActiveCfg = Release|Any CPU
		{6FA66571-1E49-42D8-83B8-6A38B75A85DC}.Release|Mixed Platforms.Build.0 = Release|Any CPU
		{6FA66571-1E49-42D8-83B8-6A38B75A85DC}.Release|Win32.ActiveCfg = Release|Any CPU
		{6FA66571-1E49-42D8-83B8-6A38B75A85DC}.Release|x86.ActiveCfg = Release|Any CPU
		{BCB72517-49DF-4EDE-B84A-55E870B069EF}.Debug|Any CPU.ActiveCfg = Debug|Any CPU
		{BCB72517-49DF-4EDE-B84A-55E870B069EF}.Debug|Any CPU.Build.0 = Debug|Any CPU
		{BCB72517-49DF-4EDE-B84A-55E870B069EF}.Debug|Mixed Platforms.ActiveCfg = Debug|Any CPU
		{BCB72517-49DF-4EDE-B84A-55E870B069EF}.Debug|Mixed Platforms.Build.0 = Debug|Any CPU
		{BCB72517-49DF-4EDE-B84A-55E870B069EF}.Debug|Win32.ActiveCfg = Debug|Any CPU
		{BCB72517-49DF-4EDE-B84A-55E870B069EF}.Debug|x86.ActiveCfg = Debug|Any CPU
		{BCB72517-49DF-4EDE-B84A-55E870B069EF}.Release|Any CPU.ActiveCfg = Release|Any CPU
		{BCB72517-49DF-4EDE-B84A-55E870B069EF}.Release|Any CPU.Build.0 = Release|Any CPU
		{BCB72517-49DF-4EDE-B84A-55E870B069EF}.Release|Mixed Platforms.ActiveCfg = Release|Any CPU
		{BCB72517-49DF-4EDE-B84A-55E870B069EF}.Release|Mixed Platforms.Build.0 = Release|Any CPU
		{BCB72517-49DF-4EDE-B84A-55E870B069EF}.Release|Win32.ActiveCfg = Release|Any CPU
		{BCB72517-49DF-4EDE-B84A-55E870B069EF}.Release|x86.ActiveCfg = Release|Any CPU
		{C75F2058-53D5-4623-902B-44E8E3C3287E}.Debug|Any CPU.ActiveCfg = Debug|Any CPU
		{C75F2058-53D5-4623-902B-44E8E3C3287E}.Debug|Any CPU.Build.0 = Debug|Any CPU
		{C75F2058-53D5-4623-902B-44E8E3C3287E}.Debug|Mixed Platforms.ActiveCfg = Debug|Any CPU
		{C75F2058-53D5-4623-902B-44E8E3C3287E}.Debug|Mixed Platforms.Build.0 = Debug|Any CPU
		{C75F2058-53D5-4623-902B-44E8E3C3287E}.Debug|Win32.ActiveCfg = Debug|Any CPU
		{C75F2058-53D5-4623-902B-44E8E3C3287E}.Debug|x86.ActiveCfg = Debug|Any CPU
		{C75F2058-53D5-4623-902B-44E8E3C3287E}.Release|Any CPU.ActiveCfg = Release|Any CPU
		{C75F2058-53D5-4623-902B-44E8E3C3287E}.Release|Any CPU.Build.0 = Release|Any CPU
		{C75F2058-53D5-4623-902B-44E8E3C3287E}.Release|Mixed Platforms.ActiveCfg = Release|Any CPU
		{C75F2058-53D5-4623-902B-44E8E3C3287E}.Release|Mixed Platforms.Build.0 = Release|Any CPU
		{C75F2058-53D5-4623-902B-44E8E3C3287E}.Release|Win32.ActiveCfg = Release|Any CPU
		{C75F2058-53D5-4623-902B-44E8E3C3287E}.Release|x86.ActiveCfg = Release|Any CPU
		{5783AFA7-05AD-4B52-8A0F-C120EADCCB9C}.Debug|Any CPU.ActiveCfg = Debug|Any CPU
		{5783AFA7-05AD-4B52-8A0F-C120EADCCB9C}.Debug|Any CPU.Build.0 = Debug|Any CPU
		{5783AFA7-05AD-4B52-8A0F-C120EADCCB9C}.Debug|Mixed Platforms.ActiveCfg = Debug|Any CPU
		{5783AFA7-05AD-4B52-8A0F-C120EADCCB9C}.Debug|Mixed Platforms.Build.0 = Debug|Any CPU
		{5783AFA7-05AD-4B52-8A0F-C120EADCCB9C}.Debug|Win32.ActiveCfg = Debug|Any CPU
		{5783AFA7-05AD-4B52-8A0F-C120EADCCB9C}.Debug|x86.ActiveCfg = Debug|Any CPU
		{5783AFA7-05AD-4B52-8A0F-C120EADCCB9C}.Release|Any CPU.ActiveCfg = Release|Any CPU
		{5783AFA7-05AD-4B52-8A0F-C120EADCCB9C}.Release|Any CPU.Build.0 = Release|Any CPU
		{5783AFA7-05AD-4B52-8A0F-C120EADCCB9C}.Release|Mixed Platforms.ActiveCfg = Release|Any CPU
		{5783AFA7-05AD-4B52-8A0F-C120EADCCB9C}.Release|Mixed Platforms.Build.0 = Release|Any CPU
		{5783AFA7-05AD-4B52-8A0F-C120EADCCB9C}.Release|Win32.ActiveCfg = Release|Any CPU
		{5783AFA7-05AD-4B52-8A0F-C120EADCCB9C}.Release|x86.ActiveCfg = Release|Any CPU
		{1546E91B-1045-42BA-9CAA-D5215EF3C792}.Debug|Any CPU.ActiveCfg = Debug|Any CPU
		{1546E91B-1045-42BA-9CAA-D5215EF3C792}.Debug|Any CPU.Build.0 = Debug|Any CPU
		{1546E91B-1045-42BA-9CAA-D5215EF3C792}.Debug|Mixed Platforms.ActiveCfg = Debug|Any CPU
		{1546E91B-1045-42BA-9CAA-D5215EF3C792}.Debug|Mixed Platforms.Build.0 = Debug|Any CPU
		{1546E91B-1045-42BA-9CAA-D5215EF3C792}.Debug|Win32.ActiveCfg = Debug|Any CPU
		{1546E91B-1045-42BA-9CAA-D5215EF3C792}.Debug|x86.ActiveCfg = Debug|Any CPU
		{1546E91B-1045-42BA-9CAA-D5215EF3C792}.Release|Any CPU.ActiveCfg = Release|Any CPU
		{1546E91B-1045-42BA-9CAA-D5215EF3C792}.Release|Any CPU.Build.0 = Release|Any CPU
		{1546E91B-1045-42BA-9CAA-D5215EF3C792}.Release|Mixed Platforms.ActiveCfg = Release|Any CPU
		{1546E91B-1045-42BA-9CAA-D5215EF3C792}.Release|Mixed Platforms.Build.0 = Release|Any CPU
		{1546E91B-1045-42BA-9CAA-D5215EF3C792}.Release|Win32.ActiveCfg = Release|Any CPU
		{1546E91B-1045-42BA-9CAA-D5215EF3C792}.Release|x86.ActiveCfg = Release|Any CPU
		{A3D29CCA-AC43-45A0-8651-74A3C51D005D}.Debug|Any CPU.ActiveCfg = Debug|Any CPU
		{A3D29CCA-AC43-45A0-8651-74A3C51D005D}.Debug|Any CPU.Build.0 = Debug|Any CPU
		{A3D29CCA-AC43-45A0-8651-74A3C51D005D}.Debug|Mixed Platforms.ActiveCfg = Debug|Any CPU
		{A3D29CCA-AC43-45A0-8651-74A3C51D005D}.Debug|Mixed Platforms.Build.0 = Debug|Any CPU
		{A3D29CCA-AC43-45A0-8651-74A3C51D005D}.Debug|Win32.ActiveCfg = Debug|Any CPU
		{A3D29CCA-AC43-45A0-8651-74A3C51D005D}.Debug|x86.ActiveCfg = Debug|Any CPU
		{A3D29CCA-AC43-45A0-8651-74A3C51D005D}.Release|Any CPU.ActiveCfg = Release|Any CPU
		{A3D29CCA-AC43-45A0-8651-74A3C51D005D}.Release|Any CPU.Build.0 = Release|Any CPU
		{A3D29CCA-AC43-45A0-8651-74A3C51D005D}.Release|Mixed Platforms.ActiveCfg = Release|Any CPU
		{A3D29CCA-AC43-45A0-8651-74A3C51D005D}.Release|Mixed Platforms.Build.0 = Release|Any CPU
		{A3D29CCA-AC43-45A0-8651-74A3C51D005D}.Release|Win32.ActiveCfg = Release|Any CPU
		{A3D29CCA-AC43-45A0-8651-74A3C51D005D}.Release|x86.ActiveCfg = Release|Any CPU
		{F52AA97E-180A-40ED-8F2B-09080171D6C7}.Debug|Any CPU.ActiveCfg = Debug|Any CPU
		{F52AA97E-180A-40ED-8F2B-09080171D6C7}.Debug|Any CPU.Build.0 = Debug|Any CPU
		{F52AA97E-180A-40ED-8F2B-09080171D6C7}.Debug|Mixed Platforms.ActiveCfg = Debug|Any CPU
		{F52AA97E-180A-40ED-8F2B-09080171D6C7}.Debug|Mixed Platforms.Build.0 = Debug|Any CPU
		{F52AA97E-180A-40ED-8F2B-09080171D6C7}.Debug|Win32.ActiveCfg = Debug|Any CPU
		{F52AA97E-180A-40ED-8F2B-09080171D6C7}.Debug|x86.ActiveCfg = Debug|Any CPU
		{F52AA97E-180A-40ED-8F2B-09080171D6C7}.Release|Any CPU.ActiveCfg = Release|Any CPU
		{F52AA97E-180A-40ED-8F2B-09080171D6C7}.Release|Any CPU.Build.0 = Release|Any CPU
		{F52AA97E-180A-40ED-8F2B-09080171D6C7}.Release|Mixed Platforms.ActiveCfg = Release|Any CPU
		{F52AA97E-180A-40ED-8F2B-09080171D6C7}.Release|Mixed Platforms.Build.0 = Release|Any CPU
		{F52AA97E-180A-40ED-8F2B-09080171D6C7}.Release|Win32.ActiveCfg = Release|Any CPU
		{F52AA97E-180A-40ED-8F2B-09080171D6C7}.Release|x86.ActiveCfg = Release|Any CPU
	EndGlobalSection
	GlobalSection(SolutionProperties) = preSolution
		HideSolutionNode = FALSE
	EndGlobalSection
	GlobalSection(NestedProjects) = preSolution
		{80DC56F4-DB48-4AF2-B1BE-6B944A81B293} = {DB64F93D-6884-43E8-8EB8-0E02D50F4F8C}
		{7C6269E8-3954-4451-8F33-67F3916231AF} = {DB64F93D-6884-43E8-8EB8-0E02D50F4F8C}
		{105AB30D-A893-4E2C-B149-764A80C1FDCE} = {DB64F93D-6884-43E8-8EB8-0E02D50F4F8C}
		{DE24702E-0C81-477E-B7EF-FD8DCFF46A04} = {DB64F93D-6884-43E8-8EB8-0E02D50F4F8C}
		{1355FF2A-A389-4A36-8A72-883BBAA1D548} = {DB64F93D-6884-43E8-8EB8-0E02D50F4F8C}
		{8AA0E208-9EC2-477B-BE96-00E4C7B7F827} = {DB64F93D-6884-43E8-8EB8-0E02D50F4F8C}
		{B377F693-4975-4BB6-A6DC-C0C3844517B1} = {DB64F93D-6884-43E8-8EB8-0E02D50F4F8C}
		{FA6DEBE0-D78D-437E-B05D-0923896290C9} = {DB64F93D-6884-43E8-8EB8-0E02D50F4F8C}
		{477A59D8-2EC6-4C25-B111-A38B1C9856A6} = {DB64F93D-6884-43E8-8EB8-0E02D50F4F8C}
		{6FA66571-1E49-42D8-83B8-6A38B75A85DC} = {DB64F93D-6884-43E8-8EB8-0E02D50F4F8C}
		{BCB72517-49DF-4EDE-B84A-55E870B069EF} = {DB64F93D-6884-43E8-8EB8-0E02D50F4F8C}
		{C917EC7F-9A59-4845-9108-87056AC61D4F} = {36D5637F-B991-4E43-BE44-6D0D4E3928A9}
		{21CE9F9A-5A38-437A-96C3-F1D7B7846734} = {36D5637F-B991-4E43-BE44-6D0D4E3928A9}
		{7F738107-2BE8-474F-B375-BAFD537018EA} = {36D5637F-B991-4E43-BE44-6D0D4E3928A9}
		{C75F2058-53D5-4623-902B-44E8E3C3287E} = {36D5637F-B991-4E43-BE44-6D0D4E3928A9}
		{1546E91B-1045-42BA-9CAA-D5215EF3C792} = {36D5637F-B991-4E43-BE44-6D0D4E3928A9}
	EndGlobalSection
	GlobalSection(ExtensibilityGlobals) = postSolution
		VisualSVNWorkingCopyRoot = .
	EndGlobalSection
	GlobalSection(MercurialSourceControlSolutionProperties) = preSolution
		SolutionIsControlled = True
		SolutionBindings = <Solution Location In Database>
	EndGlobalSection
EndGlobal
