<?xml version="1.0" encoding="utf-8"?>
<Project ToolsVersion="4.0" xmlns="http://schemas.microsoft.com/developer/msbuild/2003">
  <ItemGroup>
    <Filter Include="Source Files">
      <UniqueIdentifier>{4FC737F1-C7A5-4376-A066-2A32D752A2FF}</UniqueIdentifier>
      <Extensions>cpp;c;cc;cxx;def;odl;idl;hpj;bat;asm;asmx</Extensions>
    </Filter>
    <Filter Include="Header Files">
      <UniqueIdentifier>{93995380-89BD-4b04-88EB-625FBE52EBFB}</UniqueIdentifier>
      <Extensions>h;hpp;hxx;hm;inl;inc;xsd</Extensions>
    </Filter>
    <Filter Include="Resource Files">
      <UniqueIdentifier>{67DA6AB6-F800-4c08-8B7A-83BB121AAD01}</UniqueIdentifier>
      <Extensions>rc;ico;cur;bmp;dlg;rc2;rct;bin;rgs;gif;jpg;jpeg;jpe;resx;tiff;tif;png;wav</Extensions>
    </Filter>
  </ItemGroup>
  <ItemGroup>
    <ClCompile Include="cvgabor.cpp">
      <Filter>Source Files</Filter>
    </ClCompile>
    <ClCompile Include="FacePCA.cpp">
      <Filter>Source Files</Filter>
    </ClCompile>
    <ClCompile Include="FaceSvm.cpp">
      <Filter>Source Files</Filter>
    </ClCompile>
    <ClCompile Include="FaceSvmApp.cpp">
      <Filter>Source Files</Filter>
    </ClCompile>
    <ClCompile Include="FaceVarify.cpp">
      <Filter>Source Files</Filter>
    </ClCompile>
    <ClCompile Include="Frame.cpp">
      <Filter>Source Files</Filter>
    </ClCompile>
    <ClCompile Include="FrontalFaceVarify.cpp">
      <Filter>Source Files</Filter>
    </ClCompile>
    <ClCompile Include="FrontFaceChecker.cpp">
      <Filter>Source Files</Filter>
    </ClCompile>
    <ClCompile Include="ImageRotate.cpp">
      <Filter>Source Files</Filter>
    </ClCompile>
    <ClCompile Include="LBP.cpp">
      <Filter>Source Files</Filter>
    </ClCompile>
    <ClCompile Include="LightCorrect.cpp">
      <Filter>Source Files</Filter>
    </ClCompile>
    <ClCompile Include="MotionDetector.cpp">
      <Filter>Source Files</Filter>
    </ClCompile>
    <ClCompile Include="similay.cpp">
      <Filter>Source Files</Filter>
    </ClCompile>
    <ClCompile Include="stdafx.cpp">
      <Filter>Source Files</Filter>
    </ClCompile>
    <ClCompile Include="svm.cpp">
      <Filter>Source Files</Filter>
    </ClCompile>
    <ClCompile Include="ObjDetect.cpp">
      <Filter>Source Files</Filter>
    </ClCompile>
    <ClCompile Include="ObjStableDetect.cpp">
      <Filter>Source Files</Filter>
    </ClCompile>
    <ClCompile Include="FaceAlignment.cpp">
      <Filter>Source Files</Filter>
    </ClCompile>
    <ClCompile Include="AAM_Basic.cpp">
      <Filter>Source Files</Filter>
    </ClCompile>
    <ClCompile Include="AAM_CAM.cpp">
      <Filter>Source Files</Filter>
    </ClCompile>
    <ClCompile Include="AAM_IC.cpp">
      <Filter>Source Files</Filter>
    </ClCompile>
    <ClCompile Include="AAM_MovieAVI.cpp">
      <Filter>Source Files</Filter>
    </ClCompile>
    <ClCompile Include="AAM_PAW.cpp">
      <Filter>Source Files</Filter>
    </ClCompile>
    <ClCompile Include="AAM_PDM.cpp">
      <Filter>Source Files</Filter>
    </ClCompile>
    <ClCompile Include="AAM_Shape.cpp">
      <Filter>Source Files</Filter>
    </ClCompile>
    <ClCompile Include="AAM_TDM.cpp">
      <Filter>Source Files</Filter>
    </ClCompile>
    <ClCompile Include="AAM_Util.cpp">
      <Filter>Source Files</Filter>
    </ClCompile>
    <ClCompile Include="VJfacedetect.cpp">
      <Filter>Source Files</Filter>
    </ClCompile>
  </ItemGroup>
  <ItemGroup>
    <ClInclude Include="cvgabor.h">
      <Filter>Header Files</Filter>
    </ClInclude>
    <ClInclude Include="FacePCA.h">
      <Filter>Header Files</Filter>
    </ClInclude>
    <ClInclude Include="faceSVM.h">
      <Filter>Header Files</Filter>
    </ClInclude>
    <ClInclude Include="FaceSvmApp.h">
      <Filter>Header Files</Filter>
    </ClInclude>
    <ClInclude Include="FaceSVMParameters.h">
      <Filter>Header Files</Filter>
    </ClInclude>
    <ClInclude Include="FaceVarify.h">
      <Filter>Header Files</Filter>
    </ClInclude>
    <ClInclude Include="Frame.h">
      <Filter>Header Files</Filter>
    </ClInclude>
    <ClInclude Include="FrontalFaceVarify.h">
      <Filter>Header Files</Filter>
    </ClInclude>
    <ClInclude Include="FrontFaceChecker.h">
      <Filter>Header Files</Filter>
    </ClInclude>
    <ClInclude Include="ImageRotate.h">
      <Filter>Header Files</Filter>
    </ClInclude>
    <ClInclude Include="LBP.h">
      <Filter>Header Files</Filter>
    </ClInclude>
    <ClInclude Include="LightCorrect.h">
      <Filter>Header Files</Filter>
    </ClInclude>
    <ClInclude Include="MotionDetector.h">
      <Filter>Header Files</Filter>
    </ClInclude>
    <ClInclude Include="Resource.h">
      <Filter>Header Files</Filter>
    </ClInclude>
    <ClInclude Include="similay.h">
      <Filter>Header Files</Filter>
    </ClInclude>
    <ClInclude Include="stdafx.h">
      <Filter>Header Files</Filter>
    </ClInclude>
    <ClInclude Include="svm.h">
      <Filter>Header Files</Filter>
    </ClInclude>
    <ClInclude Include="targetver.h">
      <Filter>Header Files</Filter>
    </ClInclude>
    <ClInclude Include="ObjDetect.h">
      <Filter>Header Files</Filter>
    </ClInclude>
    <ClInclude Include="ObjStableDetect.h">
      <Filter>Header Files</Filter>
    </ClInclude>
    <ClInclude Include="FaceAlignment.h">
      <Filter>Header Files</Filter>
    </ClInclude>
    <ClInclude Include="AAM_Basic.h">
      <Filter>Header Files</Filter>
    </ClInclude>
    <ClInclude Include="AAM_CAM.h">
      <Filter>Header Files</Filter>
    </ClInclude>
    <ClInclude Include="AAM_IC.h">
      <Filter>Header Files</Filter>
    </ClInclude>
    <ClInclude Include="AAM_MovieAVI.h">
      <Filter>Header Files</Filter>
    </ClInclude>
    <ClInclude Include="AAM_PAW.h">
      <Filter>Header Files</Filter>
    </ClInclude>
    <ClInclude Include="AAM_PDM.h">
      <Filter>Header Files</Filter>
    </ClInclude>
    <ClInclude Include="AAM_Shape.h">
      <Filter>Header Files</Filter>
    </ClInclude>
    <ClInclude Include="AAM_TDM.h">
      <Filter>Header Files</Filter>
    </ClInclude>
    <ClInclude Include="AAM_Util.h">
      <Filter>Header Files</Filter>
    </ClInclude>
    <ClInclude Include="VJfacedetect.h">
      <Filter>Header Files</Filter>
    </ClInclude>
  </ItemGroup>
  <ItemGroup>
    <ResourceCompile Include="FaceSvm.rc">
      <Filter>Resource Files</Filter>
    </ResourceCompile>
  </ItemGroup>
  <ItemGroup>
    <None Include="res\FaceSvm.rc2">
      <Filter>Resource Files</Filter>
    </None>
    <None Include="..\..\Damany.ImageProcessing.Processors\MotionDetector.cs" />
    <None Include="ReadMe.txt" />
  </ItemGroup>
</Project>